
Microsoft Visual Studio Solution File, Format Version 12.00
# Visual Studio Version 17
VisualStudioVersion = 17.13.35828.75
MinimumVisualStudioVersion = 10.0.40219.1
Project("{FAE04EC0-301F-11D3-BF4B-00C04F79EFBC}") = "NotaFiscalFaturamento.Domain", "NotaFiscalFaturamento.Domain\NotaFiscalFaturamento.Domain.csproj", "{D0551D7E-43EC-40A8-954D-BC2C139FA942}"
EndProject
Project("{FAE04EC0-301F-11D3-BF4B-00C04F79EFBC}") = "NotaFiscalFaturamento.Infrastructure", "NotaFiscalFaturamento.Infrastructure\NotaFiscalFaturamento.Infrastructure.csproj", "{293F88F1-506A-4CD5-9864-6FCC389D1A32}"
EndProject
Project("{FAE04EC0-301F-11D3-BF4B-00C04F79EFBC}") = "NotaFiscalFaturamento.API", "NotaFiscalFaturamento.API\NotaFiscalFaturamento.API.csproj", "{2A3C20CE-8532-4024-92BA-0EF845927099}"
EndProject
Project("{FAE04EC0-301F-11D3-BF4B-00C04F79EFBC}") = "NotaFiscalFaturamento.Application", "NotaFiscalFaturamento.Application\NotaFiscalFaturamento.Application.csproj", "{C82E6916-4AA6-4F9D-93DE-0B2BED6419DD}"
EndProject
Project("{FAE04EC0-301F-11D3-BF4B-00C04F79EFBC}") = "NotaFiscalFaturamento.CrossCutting", "NotaFiscalFaturamento.CrossCutting\NotaFiscalFaturamento.CrossCutting.csproj", "{C8BC2AE7-FB87-48E4-AF40-302AC2F17B92}"
EndProject
Global
	GlobalSection(SolutionConfigurationPlatforms) = preSolution
		Debug|Any CPU = Debug|Any CPU
		Release|Any CPU = Release|Any CPU
	EndGlobalSection
	GlobalSection(ProjectConfigurationPlatforms) = postSolution
		{D0551D7E-43EC-40A8-954D-BC2C139FA942}.Debug|Any CPU.ActiveCfg = Debug|Any CPU
		{D0551D7E-43EC-40A8-954D-BC2C139FA942}.Debug|Any CPU.Build.0 = Debug|Any CPU
		{D0551D7E-43EC-40A8-954D-BC2C139FA942}.Release|Any CPU.ActiveCfg = Release|Any CPU
		{D0551D7E-43EC-40A8-954D-BC2C139FA942}.Release|Any CPU.Build.0 = Release|Any CPU
		{293F88F1-506A-4CD5-9864-6FCC389D1A32}.Debug|Any CPU.ActiveCfg = Debug|Any CPU
		{293F88F1-506A-4CD5-9864-6FCC389D1A32}.Debug|Any CPU.Build.0 = Debug|Any CPU
		{293F88F1-506A-4CD5-9864-6FCC389D1A32}.Release|Any CPU.ActiveCfg = Release|Any CPU
		{293F88F1-506A-4CD5-9864-6FCC389D1A32}.Release|Any CPU.Build.0 = Release|Any CPU
		{2A3C20CE-8532-4024-92BA-0EF845927099}.Debug|Any CPU.ActiveCfg = Debug|Any CPU
		{2A3C20CE-8532-4024-92BA-0EF845927099}.Debug|Any CPU.Build.0 = Debug|Any CPU
		{2A3C20CE-8532-4024-92BA-0EF845927099}.Release|Any CPU.ActiveCfg = Release|Any CPU
		{2A3C20CE-8532-4024-92BA-0EF845927099}.Release|Any CPU.Build.0 = Release|Any CPU
		{C82E6916-4AA6-4F9D-93DE-0B2BED6419DD}.Debug|Any CPU.ActiveCfg = Debug|Any CPU
		{C82E6916-4AA6-4F9D-93DE-0B2BED6419DD}.Debug|Any CPU.Build.0 = Debug|Any CPU
		{C82E6916-4AA6-4F9D-93DE-0B2BED6419DD}.Release|Any CPU.ActiveCfg = Release|Any CPU
		{C82E6916-4AA6-4F9D-93DE-0B2BED6419DD}.Release|Any CPU.Build.0 = Release|Any CPU
		{C8BC2AE7-FB87-48E4-AF40-302AC2F17B92}.Debug|Any CPU.ActiveCfg = Debug|Any CPU
		{C8BC2AE7-FB87-48E4-AF40-302AC2F17B92}.Debug|Any CPU.Build.0 = Debug|Any CPU
		{C8BC2AE7-FB87-48E4-AF40-302AC2F17B92}.Release|Any CPU.ActiveCfg = Release|Any CPU
		{C8BC2AE7-FB87-48E4-AF40-302AC2F17B92}.Release|Any CPU.Build.0 = Release|Any CPU
	EndGlobalSection
	GlobalSection(SolutionProperties) = preSolution
		HideSolutionNode = FALSE
	EndGlobalSection
	GlobalSection(ExtensibilityGlobals) = postSolution
		SolutionGuid = {BB6B9DBB-30C1-4AD5-B155-CB019031B0DA}
	EndGlobalSection
EndGlobal
